Microsoft Visual Studio Solution File, Format Version 9.00
# Visual Studio 2005
Project("{8BC9CEB8-8B4A-11D0-8D11-00A0C91BC942}") = "AeDemo1NT", "AeDemo1NT.vcproj", "{B5C9FEAE-D287-406E-A700-0F95BD460064}"
	ProjectSection(ProjectDependencies) = postProject
		{01C7F7DD-DAC7-4AC5-9E2D-54E7CFEF9194} = {01C7F7DD-DAC7-4AC5-9E2D-54E7CFEF9194}
	EndProjectSection
EndProject
Project("{8BC9CEB8-8B4A-11D0-8D11-00A0C91BC942}") = "AeDemo2NT", "AeDemo2NT.vcproj", "{D74090B0-BADC-4007-9072-AC4CCD5B1F15}"
	ProjectSection(ProjectDependencies) = postProject
		{01C7F7DD-DAC7-4AC5-9E2D-54E7CFEF9194} = {01C7F7DD-DAC7-4AC5-9E2D-54E7CFEF9194}
	EndProjectSection
EndProject
Project("{8BC9CEB8-8B4A-11D0-8D11-00A0C91BC942}") = "AeDemo3NT", "AeDemo3NT.vcproj", "{85EFDC2F-FD67-4572-B061-818ABD7F3FD3}"
	ProjectSection(ProjectDependencies) = postProject
		{01C7F7DD-DAC7-4AC5-9E2D-54E7CFEF9194} = {01C7F7DD-DAC7-4AC5-9E2D-54E7CFEF9194}
	EndProjectSection
EndProject
Project("{8BC9CEB8-8B4A-11D0-8D11-00A0C91BC942}") = "AeDemo4NT", "AeDemo4NT.vcproj", "{3C831CBB-1A63-46CD-9438-C153A0564B7A}"
	ProjectSection(ProjectDependencies) = postProject
		{01C7F7DD-DAC7-4AC5-9E2D-54E7CFEF9194} = {01C7F7DD-DAC7-4AC5-9E2D-54E7CFEF9194}
	EndProjectSection
EndProject
Project("{8BC9CEB8-8B4A-11D0-8D11-00A0C91BC942}") = "AeDemo5NT", "AeDemo5NT.vcproj", "{904B3EE4-0A40-47C7-8863-5E104874973C}"
	ProjectSection(ProjectDependencies) = postProject
		{01C7F7DD-DAC7-4AC5-9E2D-54E7CFEF9194} = {01C7F7DD-DAC7-4AC5-9E2D-54E7CFEF9194}
	EndProjectSection
EndProject
Project("{8BC9CEB8-8B4A-11D0-8D11-00A0C91BC942}") = "AgentEmbeddedNT", "AgentEmbeddedNT.vcproj", "{01C7F7DD-DAC7-4AC5-9E2D-54E7CFEF9194}"
	ProjectSection(ProjectDependencies) = postProject
		{30A13B21-83DF-4575-AF2A-EA799E6C9AB6} = {30A13B21-83DF-4575-AF2A-EA799E6C9AB6}
		{F47C9A2B-2125-42A6-8B14-46558379CDDD} = {F47C9A2B-2125-42A6-8B14-46558379CDDD}
		{A95423C5-D9CC-4415-935F-BD4C8456A245} = {A95423C5-D9CC-4415-935F-BD4C8456A245}
	EndProjectSection
EndProject
Project("{8BC9CEB8-8B4A-11D0-8D11-00A0C91BC942}") = "expat", "LIBSRC\EXPAT\expat.vcproj", "{F47C9A2B-2125-42A6-8B14-46558379CDDD}"
EndProject
Project("{8BC9CEB8-8B4A-11D0-8D11-00A0C91BC942}") = "libdes", "LIBSRC\LIBDES\libdes.vcproj", "{A95423C5-D9CC-4415-935F-BD4C8456A245}"
EndProject
Project("{8BC9CEB8-8B4A-11D0-8D11-00A0C91BC942}") = "zlib", "LIBSRC\ZLIB\zlib.vcproj", "{30A13B21-83DF-4575-AF2A-EA799E6C9AB6}"
EndProject
Global
	GlobalSection(SolutionConfigurationPlatforms) = preSolution
		Debug SSL|Win32 = Debug SSL|Win32
		Debug|Win32 = Debug|Win32
		Release SSL|Win32 = Release SSL|Win32
		Release|Win32 = Release|Win32
	EndGlobalSection
	GlobalSection(ProjectConfigurationPlatforms) = postSolution
		{B5C9FEAE-D287-406E-A700-0F95BD460064}.Debug SSL|Win32.ActiveCfg = Debug SSL|Win32
		{B5C9FEAE-D287-406E-A700-0F95BD460064}.Debug SSL|Win32.Build.0 = Debug SSL|Win32
		{B5C9FEAE-D287-406E-A700-0F95BD460064}.Debug|Win32.ActiveCfg = Debug|Win32
		{B5C9FEAE-D287-406E-A700-0F95BD460064}.Debug|Win32.Build.0 = Debug|Win32
		{B5C9FEAE-D287-406E-A700-0F95BD460064}.Release SSL|Win32.ActiveCfg = Release SSL|Win32
		{B5C9FEAE-D287-406E-A700-0F95BD460064}.Release SSL|Win32.Build.0 = Release SSL|Win32
		{B5C9FEAE-D287-406E-A700-0F95BD460064}.Release|Win32.ActiveCfg = Release|Win32
		{B5C9FEAE-D287-406E-A700-0F95BD460064}.Release|Win32.Build.0 = Release|Win32
		{D74090B0-BADC-4007-9072-AC4CCD5B1F15}.Debug SSL|Win32.ActiveCfg = Debug SSL|Win32
		{D74090B0-BADC-4007-9072-AC4CCD5B1F15}.Debug SSL|Win32.Build.0 = Debug SSL|Win32
		{D74090B0-BADC-4007-9072-AC4CCD5B1F15}.Debug|Win32.ActiveCfg = Debug|Win32
		{D74090B0-BADC-4007-9072-AC4CCD5B1F15}.Debug|Win32.Build.0 = Debug|Win32
		{D74090B0-BADC-4007-9072-AC4CCD5B1F15}.Release SSL|Win32.ActiveCfg = Release SSL|Win32
		{D74090B0-BADC-4007-9072-AC4CCD5B1F15}.Release SSL|Win32.Build.0 = Release SSL|Win32
		{D74090B0-BADC-4007-9072-AC4CCD5B1F15}.Release|Win32.ActiveCfg = Release|Win32
		{D74090B0-BADC-4007-9072-AC4CCD5B1F15}.Release|Win32.Build.0 = Release|Win32
		{85EFDC2F-FD67-4572-B061-818ABD7F3FD3}.Debug SSL|Win32.ActiveCfg = Debug SSL|Win32
		{85EFDC2F-FD67-4572-B061-818ABD7F3FD3}.Debug SSL|Win32.Build.0 = Debug SSL|Win32
		{85EFDC2F-FD67-4572-B061-818ABD7F3FD3}.Debug|Win32.ActiveCfg = Debug|Win32
		{85EFDC2F-FD67-4572-B061-818ABD7F3FD3}.Debug|Win32.Build.0 = Debug|Win32
		{85EFDC2F-FD67-4572-B061-818ABD7F3FD3}.Release SSL|Win32.ActiveCfg = Release SSL|Win32
		{85EFDC2F-FD67-4572-B061-818ABD7F3FD3}.Release SSL|Win32.Build.0 = Release SSL|Win32
		{85EFDC2F-FD67-4572-B061-818ABD7F3FD3}.Release|Win32.ActiveCfg = Release|Win32
		{85EFDC2F-FD67-4572-B061-818ABD7F3FD3}.Release|Win32.Build.0 = Release|Win32
		{3C831CBB-1A63-46CD-9438-C153A0564B7A}.Debug SSL|Win32.ActiveCfg = Debug SSL|Win32
		{3C831CBB-1A63-46CD-9438-C153A0564B7A}.Debug SSL|Win32.Build.0 = Debug SSL|Win32
		{3C831CBB-1A63-46CD-9438-C153A0564B7A}.Debug|Win32.ActiveCfg = Debug|Win32
		{3C831CBB-1A63-46CD-9438-C153A0564B7A}.Debug|Win32.Build.0 = Debug|Win32
		{3C831CBB-1A63-46CD-9438-C153A0564B7A}.Release SSL|Win32.ActiveCfg = Release SSL|Win32
		{3C831CBB-1A63-46CD-9438-C153A0564B7A}.Release SSL|Win32.Build.0 = Release SSL|Win32
		{3C831CBB-1A63-46CD-9438-C153A0564B7A}.Release|Win32.ActiveCfg = Release|Win32
		{3C831CBB-1A63-46CD-9438-C153A0564B7A}.Release|Win32.Build.0 = Release|Win32
		{904B3EE4-0A40-47C7-8863-5E104874973C}.Debug SSL|Win32.ActiveCfg = Debug SSL|Win32
		{904B3EE4-0A40-47C7-8863-5E104874973C}.Debug SSL|Win32.Build.0 = Debug SSL|Win32
		{904B3EE4-0A40-47C7-8863-5E104874973C}.Debug|Win32.ActiveCfg = Debug|Win32
		{904B3EE4-0A40-47C7-8863-5E104874973C}.Debug|Win32.Build.0 = Debug|Win32
		{904B3EE4-0A40-47C7-8863-5E104874973C}.Release SSL|Win32.ActiveCfg = Release SSL|Win32
		{904B3EE4-0A40-47C7-8863-5E104874973C}.Release SSL|Win32.Build.0 = Release SSL|Win32
		{904B3EE4-0A40-47C7-8863-5E104874973C}.Release|Win32.ActiveCfg = Release|Win32
		{904B3EE4-0A40-47C7-8863-5E104874973C}.Release|Win32.Build.0 = Release|Win32
		{01C7F7DD-DAC7-4AC5-9E2D-54E7CFEF9194}.Debug SSL|Win32.ActiveCfg = Debug SSL|Win32
		{01C7F7DD-DAC7-4AC5-9E2D-54E7CFEF9194}.Debug SSL|Win32.Build.0 = Debug SSL|Win32
		{01C7F7DD-DAC7-4AC5-9E2D-54E7CFEF9194}.Debug|Win32.ActiveCfg = Debug|Win32
		{01C7F7DD-DAC7-4AC5-9E2D-54E7CFEF9194}.Debug|Win32.Build.0 = Debug|Win32
		{01C7F7DD-DAC7-4AC5-9E2D-54E7CFEF9194}.Release SSL|Win32.ActiveCfg = Release SSL|Win32
		{01C7F7DD-DAC7-4AC5-9E2D-54E7CFEF9194}.Release SSL|Win32.Build.0 = Release SSL|Win32
		{01C7F7DD-DAC7-4AC5-9E2D-54E7CFEF9194}.Release|Win32.ActiveCfg = Release|Win32
		{01C7F7DD-DAC7-4AC5-9E2D-54E7CFEF9194}.Release|Win32.Build.0 = Release|Win32
		{F47C9A2B-2125-42A6-8B14-46558379CDDD}.Debug SSL|Win32.ActiveCfg = Debug|Win32
		{F47C9A2B-2125-42A6-8B14-46558379CDDD}.Debug SSL|Win32.Build.0 = Debug|Win32
		{F47C9A2B-2125-42A6-8B14-46558379CDDD}.Debug|Win32.ActiveCfg = Debug|Win32
		{F47C9A2B-2125-42A6-8B14-46558379CDDD}.Debug|Win32.Build.0 = Debug|Win32
		{F47C9A2B-2125-42A6-8B14-46558379CDDD}.Release SSL|Win32.ActiveCfg = Release|Win32
		{F47C9A2B-2125-42A6-8B14-46558379CDDD}.Release SSL|Win32.Build.0 = Release|Win32
		{F47C9A2B-2125-42A6-8B14-46558379CDDD}.Release|Win32.ActiveCfg = Release|Win32
		{F47C9A2B-2125-42A6-8B14-46558379CDDD}.Release|Win32.Build.0 = Release|Win32
		{A95423C5-D9CC-4415-935F-BD4C8456A245}.Debug SSL|Win32.ActiveCfg = Debug|Win32
		{A95423C5-D9CC-4415-935F-BD4C8456A245}.Debug SSL|Win32.Build.0 = Debug|Win32
		{A95423C5-D9CC-4415-935F-BD4C8456A245}.Debug|Win32.ActiveCfg = Debug|Win32
		{A95423C5-D9CC-4415-935F-BD4C8456A245}.Debug|Win32.Build.0 = Debug|Win32
		{A95423C5-D9CC-4415-935F-BD4C8456A245}.Release SSL|Win32.ActiveCfg = Release|Win32
		{A95423C5-D9CC-4415-935F-BD4C8456A245}.Release SSL|Win32.Build.0 = Release|Win32
		{A95423C5-D9CC-4415-935F-BD4C8456A245}.Release|Win32.ActiveCfg = Release|Win32
		{A95423C5-D9CC-4415-935F-BD4C8456A245}.Release|Win32.Build.0 = Release|Win32
		{30A13B21-83DF-4575-AF2A-EA799E6C9AB6}.Debug SSL|Win32.ActiveCfg = Debug|Win32
		{30A13B21-83DF-4575-AF2A-EA799E6C9AB6}.Debug SSL|Win32.Build.0 = Debug|Win32
		{30A13B21-83DF-4575-AF2A-EA799E6C9AB6}.Debug|Win32.ActiveCfg = Debug|Win32
		{30A13B21-83DF-4575-AF2A-EA799E6C9AB6}.Debug|Win32.Build.0 = Debug|Win32
		{30A13B21-83DF-4575-AF2A-EA799E6C9AB6}.Release SSL|Win32.ActiveCfg = Release|Win32
		{30A13B21-83DF-4575-AF2A-EA799E6C9AB6}.Release SSL|Win32.Build.0 = Release|Win32
		{30A13B21-83DF-4575-AF2A-EA799E6C9AB6}.Release|Win32.ActiveCfg = Release|Win32
		{30A13B21-83DF-4575-AF2A-EA799E6C9AB6}.Release|Win32.Build.0 = Release|Win32
	EndGlobalSection
	GlobalSection(SolutionProperties) = preSolution
		HideSolutionNode = FALSE
	EndGlobalSection
EndGlobal
