
Microsoft Visual Studio Solution File, Format Version 9.00
# Visual Studio 2005
Project("{8BC9CEB8-8B4A-11D0-8D11-00A0C91BC942}") = "AgentEmbeddedNT", "AgentEmbeddedNT_2005.vcproj", "{01C7F7DD-DAC7-4AC5-9E2D-54E7CFEF9194}"
	ProjectSection(ProjectDependencies) = postProject
		{826BD908-9EA2-44C9-8C73-48B427221C01} = {826BD908-9EA2-44C9-8C73-48B427221C01}
		{1ADE6287-DF86-4997-932E-60429F86DB05} = {1ADE6287-DF86-4997-932E-60429F86DB05}
		{5AA4EADF-049D-4279-9919-CA36ADC36718} = {5AA4EADF-049D-4279-9919-CA36ADC36718}
	EndProjectSection
EndProject
Project("{8BC9CEB8-8B4A-11D0-8D11-00A0C91BC942}") = "AeDemo1NT", "AeDemo1NT_2005.vcproj", "{B5C9FEAE-D287-406E-A700-0F95BD460064}"
	ProjectSection(ProjectDependencies) = postProject
		{01C7F7DD-DAC7-4AC5-9E2D-54E7CFEF9194} = {01C7F7DD-DAC7-4AC5-9E2D-54E7CFEF9194}
	EndProjectSection
EndProject
Project("{8BC9CEB8-8B4A-11D0-8D11-00A0C91BC942}") = "AeDemo2NT", "AeDemo2NT_2005.vcproj", "{D74090B0-BADC-4007-9072-AC4CCD5B1F15}"
	ProjectSection(ProjectDependencies) = postProject
		{01C7F7DD-DAC7-4AC5-9E2D-54E7CFEF9194} = {01C7F7DD-DAC7-4AC5-9E2D-54E7CFEF9194}
	EndProjectSection
EndProject
Project("{8BC9CEB8-8B4A-11D0-8D11-00A0C91BC942}") = "AeDemo3NT", "AeDemo3NT_2005.vcproj", "{85EFDC2F-FD67-4572-B061-818ABD7F3FD3}"
	ProjectSection(ProjectDependencies) = postProject
		{01C7F7DD-DAC7-4AC5-9E2D-54E7CFEF9194} = {01C7F7DD-DAC7-4AC5-9E2D-54E7CFEF9194}
	EndProjectSection
EndProject
Project("{8BC9CEB8-8B4A-11D0-8D11-00A0C91BC942}") = "AeDemo4NT", "AeDemo4NT_2005.vcproj", "{3C831CBB-1A63-46CD-9438-C153A0564B7A}"
	ProjectSection(ProjectDependencies) = postProject
		{01C7F7DD-DAC7-4AC5-9E2D-54E7CFEF9194} = {01C7F7DD-DAC7-4AC5-9E2D-54E7CFEF9194}
	EndProjectSection
EndProject
Project("{8BC9CEB8-8B4A-11D0-8D11-00A0C91BC942}") = "AeDemo5NT", "AeDemo5NT_2005.vcproj", "{904B3EE4-0A40-47C7-8863-5E104874973C}"
	ProjectSection(ProjectDependencies) = postProject
		{01C7F7DD-DAC7-4AC5-9E2D-54E7CFEF9194} = {01C7F7DD-DAC7-4AC5-9E2D-54E7CFEF9194}
	EndProjectSection
EndProject
Project("{8BC9CEB8-8B4A-11D0-8D11-00A0C91BC942}") = "expat_2005", "Libsrc\expat\expat_2005.vcproj", "{1ADE6287-DF86-4997-932E-60429F86DB05}"
EndProject
Project("{8BC9CEB8-8B4A-11D0-8D11-00A0C91BC942}") = "zlib_2005", "Libsrc\zlib\zlib_2005.vcproj", "{5AA4EADF-049D-4279-9919-CA36ADC36718}"
EndProject
Project("{8BC9CEB8-8B4A-11D0-8D11-00A0C91BC942}") = "libdes_2005", "Libsrc\libdes\libdes_2005.vcproj", "{826BD908-9EA2-44C9-8C73-48B427221C01}"
EndProject
Global
	GlobalSection(SolutionConfigurationPlatforms) = preSolution
		Debug SSL|Win32 = Debug SSL|Win32
		Debug|Win32 = Debug|Win32
		Release SSL|Win32 = Release SSL|Win32
		Release|Win32 = Release|Win32
	EndGlobalSection
	GlobalSection(ProjectConfigurationPlatforms) = postSolution
		{01C7F7DD-DAC7-4AC5-9E2D-54E7CFEF9194}.Debug SSL|Win32.ActiveCfg = Debug SSL|Win32
		{01C7F7DD-DAC7-4AC5-9E2D-54E7CFEF9194}.Debug SSL|Win32.Build.0 = Debug SSL|Win32
		{01C7F7DD-DAC7-4AC5-9E2D-54E7CFEF9194}.Debug|Win32.ActiveCfg = Debug|Win32
		{01C7F7DD-DAC7-4AC5-9E2D-54E7CFEF9194}.Debug|Win32.Build.0 = Debug|Win32
		{01C7F7DD-DAC7-4AC5-9E2D-54E7CFEF9194}.Release SSL|Win32.ActiveCfg = Release SSL|Win32
		{01C7F7DD-DAC7-4AC5-9E2D-54E7CFEF9194}.Release SSL|Win32.Build.0 = Release SSL|Win32
		{01C7F7DD-DAC7-4AC5-9E2D-54E7CFEF9194}.Release|Win32.ActiveCfg = Release|Win32
		{01C7F7DD-DAC7-4AC5-9E2D-54E7CFEF9194}.Release|Win32.Build.0 = Release|Win32
		{B5C9FEAE-D287-406E-A700-0F95BD460064}.Debug SSL|Win32.ActiveCfg = Debug SSL|Win32
		{B5C9FEAE-D287-406E-A700-0F95BD460064}.Debug SSL|Win32.Build.0 = Debug SSL|Win32
		{B5C9FEAE-D287-406E-A700-0F95BD460064}.Debug|Win32.ActiveCfg = Debug|Win32
		{B5C9FEAE-D287-406E-A700-0F95BD460064}.Debug|Win32.Build.0 = Debug|Win32
		{B5C9FEAE-D287-406E-A700-0F95BD460064}.Release SSL|Win32.ActiveCfg = Release SSL|Win32
		{B5C9FEAE-D287-406E-A700-0F95BD460064}.Release SSL|Win32.Build.0 = Release SSL|Win32
		{B5C9FEAE-D287-406E-A700-0F95BD460064}.Release|Win32.ActiveCfg = Release|Win32
		{B5C9FEAE-D287-406E-A700-0F95BD460064}.Release|Win32.Build.0 = Release|Win32
		{D74090B0-BADC-4007-9072-AC4CCD5B1F15}.Debug SSL|Win32.ActiveCfg = Debug SSL|Win32
		{D74090B0-BADC-4007-9072-AC4CCD5B1F15}.Debug SSL|Win32.Build.0 = Debug SSL|Win32
		{D74090B0-BADC-4007-9072-AC4CCD5B1F15}.Debug|Win32.ActiveCfg = Debug|Win32
		{D74090B0-BADC-4007-9072-AC4CCD5B1F15}.Debug|Win32.Build.0 = Debug|Win32
		{D74090B0-BADC-4007-9072-AC4CCD5B1F15}.Release SSL|Win32.ActiveCfg = Release SSL|Win32
		{D74090B0-BADC-4007-9072-AC4CCD5B1F15}.Release SSL|Win32.Build.0 = Release SSL|Win32
		{D74090B0-BADC-4007-9072-AC4CCD5B1F15}.Release|Win32.ActiveCfg = Release|Win32
		{D74090B0-BADC-4007-9072-AC4CCD5B1F15}.Release|Win32.Build.0 = Release|Win32
		{85EFDC2F-FD67-4572-B061-818ABD7F3FD3}.Debug SSL|Win32.ActiveCfg = Debug SSL|Win32
		{85EFDC2F-FD67-4572-B061-818ABD7F3FD3}.Debug SSL|Win32.Build.0 = Debug SSL|Win32
		{85EFDC2F-FD67-4572-B061-818ABD7F3FD3}.Debug|Win32.ActiveCfg = Debug|Win32
		{85EFDC2F-FD67-4572-B061-818ABD7F3FD3}.Debug|Win32.Build.0 = Debug|Win32
		{85EFDC2F-FD67-4572-B061-818ABD7F3FD3}.Release SSL|Win32.ActiveCfg = Release SSL|Win32
		{85EFDC2F-FD67-4572-B061-818ABD7F3FD3}.Release SSL|Win32.Build.0 = Release SSL|Win32
		{85EFDC2F-FD67-4572-B061-818ABD7F3FD3}.Release|Win32.ActiveCfg = Release|Win32
		{85EFDC2F-FD67-4572-B061-818ABD7F3FD3}.Release|Win32.Build.0 = Release|Win32
		{3C831CBB-1A63-46CD-9438-C153A0564B7A}.Debug SSL|Win32.ActiveCfg = Debug SSL|Win32
		{3C831CBB-1A63-46CD-9438-C153A0564B7A}.Debug SSL|Win32.Build.0 = Debug SSL|Win32
		{3C831CBB-1A63-46CD-9438-C153A0564B7A}.Debug|Win32.ActiveCfg = Debug|Win32
		{3C831CBB-1A63-46CD-9438-C153A0564B7A}.Debug|Win32.Build.0 = Debug|Win32
		{3C831CBB-1A63-46CD-9438-C153A0564B7A}.Release SSL|Win32.ActiveCfg = Release SSL|Win32
		{3C831CBB-1A63-46CD-9438-C153A0564B7A}.Release SSL|Win32.Build.0 = Release SSL|Win32
		{3C831CBB-1A63-46CD-9438-C153A0564B7A}.Release|Win32.ActiveCfg = Release|Win32
		{3C831CBB-1A63-46CD-9438-C153A0564B7A}.Release|Win32.Build.0 = Release|Win32
		{904B3EE4-0A40-47C7-8863-5E104874973C}.Debug SSL|Win32.ActiveCfg = Debug SSL|Win32
		{904B3EE4-0A40-47C7-8863-5E104874973C}.Debug SSL|Win32.Build.0 = Debug SSL|Win32
		{904B3EE4-0A40-47C7-8863-5E104874973C}.Debug|Win32.ActiveCfg = Debug|Win32
		{904B3EE4-0A40-47C7-8863-5E104874973C}.Debug|Win32.Build.0 = Debug|Win32
		{904B3EE4-0A40-47C7-8863-5E104874973C}.Release SSL|Win32.ActiveCfg = Release SSL|Win32
		{904B3EE4-0A40-47C7-8863-5E104874973C}.Release SSL|Win32.Build.0 = Release SSL|Win32
		{904B3EE4-0A40-47C7-8863-5E104874973C}.Release|Win32.ActiveCfg = Release|Win32
		{904B3EE4-0A40-47C7-8863-5E104874973C}.Release|Win32.Build.0 = Release|Win32
		{1ADE6287-DF86-4997-932E-60429F86DB05}.Debug SSL|Win32.ActiveCfg = Debug|Win32
		{1ADE6287-DF86-4997-932E-60429F86DB05}.Debug SSL|Win32.Build.0 = Debug|Win32
		{1ADE6287-DF86-4997-932E-60429F86DB05}.Debug|Win32.ActiveCfg = Debug|Win32
		{1ADE6287-DF86-4997-932E-60429F86DB05}.Debug|Win32.Build.0 = Debug|Win32
		{1ADE6287-DF86-4997-932E-60429F86DB05}.Release SSL|Win32.ActiveCfg = Release|Win32
		{1ADE6287-DF86-4997-932E-60429F86DB05}.Release SSL|Win32.Build.0 = Release|Win32
		{1ADE6287-DF86-4997-932E-60429F86DB05}.Release|Win32.ActiveCfg = Release|Win32
		{1ADE6287-DF86-4997-932E-60429F86DB05}.Release|Win32.Build.0 = Release|Win32
		{5AA4EADF-049D-4279-9919-CA36ADC36718}.Debug SSL|Win32.ActiveCfg = Debug|Win32
		{5AA4EADF-049D-4279-9919-CA36ADC36718}.Debug SSL|Win32.Build.0 = Debug|Win32
		{5AA4EADF-049D-4279-9919-CA36ADC36718}.Debug|Win32.ActiveCfg = Debug|Win32
		{5AA4EADF-049D-4279-9919-CA36ADC36718}.Debug|Win32.Build.0 = Debug|Win32
		{5AA4EADF-049D-4279-9919-CA36ADC36718}.Release SSL|Win32.ActiveCfg = Release|Win32
		{5AA4EADF-049D-4279-9919-CA36ADC36718}.Release SSL|Win32.Build.0 = Release|Win32
		{5AA4EADF-049D-4279-9919-CA36ADC36718}.Release|Win32.ActiveCfg = Release|Win32
		{5AA4EADF-049D-4279-9919-CA36ADC36718}.Release|Win32.Build.0 = Release|Win32
		{826BD908-9EA2-44C9-8C73-48B427221C01}.Debug SSL|Win32.ActiveCfg = Debug|Win32
		{826BD908-9EA2-44C9-8C73-48B427221C01}.Debug SSL|Win32.Build.0 = Debug|Win32
		{826BD908-9EA2-44C9-8C73-48B427221C01}.Debug|Win32.ActiveCfg = Debug|Win32
		{826BD908-9EA2-44C9-8C73-48B427221C01}.Debug|Win32.Build.0 = Debug|Win32
		{826BD908-9EA2-44C9-8C73-48B427221C01}.Release SSL|Win32.ActiveCfg = Release|Win32
		{826BD908-9EA2-44C9-8C73-48B427221C01}.Release SSL|Win32.Build.0 = Release|Win32
		{826BD908-9EA2-44C9-8C73-48B427221C01}.Release|Win32.ActiveCfg = Release|Win32
		{826BD908-9EA2-44C9-8C73-48B427221C01}.Release|Win32.Build.0 = Release|Win32
	EndGlobalSection
	GlobalSection(SolutionProperties) = preSolution
		HideSolutionNode = FALSE
	EndGlobalSection
EndGlobal
